Microsoft Visual Studio Solution File, Format Version 12.00
# Visual Studio 14
Project("{8BC9CEB8-8B4A-11D0-8D11-00A0C91BC942}") = "ALL_BUILD", "ALL_BUILD.vcxproj", "{B4CDBB46-9567-3EA8-80D9-83F99AAC7C61}"
	ProjectSection(ProjectDependencies) = postProject
		{238ECEF4-7F07-3A9E-8155-13DC53AB9715} = {238ECEF4-7F07-3A9E-8155-13DC53AB9715}
		{F02CD54D-D4F7-34C5-A9A9-E7D446124EFC} = {F02CD54D-D4F7-34C5-A9A9-E7D446124EFC}
		{CF092FF2-C498-3A41-BC18-C642AA901F51} = {CF092FF2-C498-3A41-BC18-C642AA901F51}
		{21D97017-7376-3CB4-BA1C-7362121A6C81} = {21D97017-7376-3CB4-BA1C-7362121A6C81}
		{1AB6D6B5-DA55-3AEF-8CB5-04BFA83E9E28} = {1AB6D6B5-DA55-3AEF-8CB5-04BFA83E9E28}
		{3C087F5B-4E7B-35F9-8AA5-514D1DB18538} = {3C087F5B-4E7B-35F9-8AA5-514D1DB18538}
		{03CDF1D0-9489-393C-A0E2-6F67FA903DA8} = {03CDF1D0-9489-393C-A0E2-6F67FA903DA8}
		{A265AD03-6942-317E-899D-4410753EF043} = {A265AD03-6942-317E-899D-4410753EF043}
		{09CFF95F-0089-3A6D-830D-A3594CDD66B5} = {09CFF95F-0089-3A6D-830D-A3594CDD66B5}
		{229BC7A5-66B7-31AB-9614-3F655C865CD8} = {229BC7A5-66B7-31AB-9614-3F655C865CD8}
		{D5BED753-641F-3977-9000-20D4B09BEF6A} = {D5BED753-641F-3977-9000-20D4B09BEF6A}
		{B07D6EA6-F772-3FB5-B11B-8D710CF12815} = {B07D6EA6-F772-3FB5-B11B-8D710CF12815}
		{DA3C0CBD-B8BC-3F4F-A4DA-8B41C36660BC} = {DA3C0CBD-B8BC-3F4F-A4DA-8B41C36660BC}
		{887360DC-528E-3DDB-A38F-72302EDEED46} = {887360DC-528E-3DDB-A38F-72302EDEED46}
		{73A145F1-FE9E-37EA-8DED-A6219909A0EA} = {73A145F1-FE9E-37EA-8DED-A6219909A0EA}
		{2E4A38E5-FDF4-39FD-880D-FF614D4AFA6E} = {2E4A38E5-FDF4-39FD-880D-FF614D4AFA6E}
		{A6132FCF-CA08-35E8-B61B-BD993E066CDE} = {A6132FCF-CA08-35E8-B61B-BD993E066CDE}
		{769E757A-3C95-3E49-B19F-CA5F49BA17B2} = {769E757A-3C95-3E49-B19F-CA5F49BA17B2}
		{989B7449-C8EC-3F61-85D3-B8B8CA78241C} = {989B7449-C8EC-3F61-85D3-B8B8CA78241C}
		{3F6FDCD1-AF72-3C2F-B67D-05988FB8CF61} = {3F6FDCD1-AF72-3C2F-B67D-05988FB8CF61}
		{7CA2B91B-814F-36D3-944C-F5E577DF219B} = {7CA2B91B-814F-36D3-944C-F5E577DF219B}
	EndProjectSection
EndProject
Project("{8BC9CEB8-8B4A-11D0-8D11-00A0C91BC942}") = "INSTALL", "INSTALL.vcxproj", "{B9D832AB-FEDF-3BC8-BB17-6ABD6F9C4F6E}"
	ProjectSection(ProjectDependencies) = postProject
		{B4CDBB46-9567-3EA8-80D9-83F99AAC7C61} = {B4CDBB46-9567-3EA8-80D9-83F99AAC7C61}
	EndProjectSection
EndProject
Project("{8BC9CEB8-8B4A-11D0-8D11-00A0C91BC942}") = "ZERO_CHECK", "ZERO_CHECK.vcxproj", "{238ECEF4-7F07-3A9E-8155-13DC53AB9715}"
	ProjectSection(ProjectDependencies) = postProject
	EndProjectSection
EndProject
Project("{8BC9CEB8-8B4A-11D0-8D11-00A0C91BC942}") = "abortdescipv6", "tests\abortdescipv6.vcxproj", "{F02CD54D-D4F7-34C5-A9A9-E7D446124EFC}"
	ProjectSection(ProjectDependencies) = postProject
		{238ECEF4-7F07-3A9E-8155-13DC53AB9715} = {238ECEF4-7F07-3A9E-8155-13DC53AB9715}
		{B07D6EA6-F772-3FB5-B11B-8D710CF12815} = {B07D6EA6-F772-3FB5-B11B-8D710CF12815}
	EndProjectSection
EndProject
Project("{8BC9CEB8-8B4A-11D0-8D11-00A0C91BC942}") = "abortdesctest", "tests\abortdesctest.vcxproj", "{CF092FF2-C498-3A41-BC18-C642AA901F51}"
	ProjectSection(ProjectDependencies) = postProject
		{238ECEF4-7F07-3A9E-8155-13DC53AB9715} = {238ECEF4-7F07-3A9E-8155-13DC53AB9715}
		{B07D6EA6-F772-3FB5-B11B-8D710CF12815} = {B07D6EA6-F772-3FB5-B11B-8D710CF12815}
	EndProjectSection
EndProject
Project("{8BC9CEB8-8B4A-11D0-8D11-00A0C91BC942}") = "example1", "examples\example1.vcxproj", "{21D97017-7376-3CB4-BA1C-7362121A6C81}"
	ProjectSection(ProjectDependencies) = postProject
		{238ECEF4-7F07-3A9E-8155-13DC53AB9715} = {238ECEF4-7F07-3A9E-8155-13DC53AB9715}
		{B07D6EA6-F772-3FB5-B11B-8D710CF12815} = {B07D6EA6-F772-3FB5-B11B-8D710CF12815}
	EndProjectSection
EndProject
Project("{8BC9CEB8-8B4A-11D0-8D11-00A0C91BC942}") = "example2", "examples\example2.vcxproj", "{1AB6D6B5-DA55-3AEF-8CB5-04BFA83E9E28}"
	ProjectSection(ProjectDependencies) = postProject
		{238ECEF4-7F07-3A9E-8155-13DC53AB9715} = {238ECEF4-7F07-3A9E-8155-13DC53AB9715}
		{B07D6EA6-F772-3FB5-B11B-8D710CF12815} = {B07D6EA6-F772-3FB5-B11B-8D710CF12815}
	EndProjectSection
EndProject
Project("{8BC9CEB8-8B4A-11D0-8D11-00A0C91BC942}") = "example3", "examples\example3.vcxproj", "{3C087F5B-4E7B-35F9-8AA5-514D1DB18538}"
	ProjectSection(ProjectDependencies) = postProject
		{238ECEF4-7F07-3A9E-8155-13DC53AB9715} = {238ECEF4-7F07-3A9E-8155-13DC53AB9715}
		{B07D6EA6-F772-3FB5-B11B-8D710CF12815} = {B07D6EA6-F772-3FB5-B11B-8D710CF12815}
	EndProjectSection
EndProject
Project("{8BC9CEB8-8B4A-11D0-8D11-00A0C91BC942}") = "example4", "examples\example4.vcxproj", "{03CDF1D0-9489-393C-A0E2-6F67FA903DA8}"
	ProjectSection(ProjectDependencies) = postProject
		{238ECEF4-7F07-3A9E-8155-13DC53AB9715} = {238ECEF4-7F07-3A9E-8155-13DC53AB9715}
		{B07D6EA6-F772-3FB5-B11B-8D710CF12815} = {B07D6EA6-F772-3FB5-B11B-8D710CF12815}
	EndProjectSection
EndProject
Project("{8BC9CEB8-8B4A-11D0-8D11-00A0C91BC942}") = "example5", "examples\example5.vcxproj", "{A265AD03-6942-317E-899D-4410753EF043}"
	ProjectSection(ProjectDependencies) = postProject
		{238ECEF4-7F07-3A9E-8155-13DC53AB9715} = {238ECEF4-7F07-3A9E-8155-13DC53AB9715}
		{B07D6EA6-F772-3FB5-B11B-8D710CF12815} = {B07D6EA6-F772-3FB5-B11B-8D710CF12815}
	EndProjectSection
EndProject
Project("{8BC9CEB8-8B4A-11D0-8D11-00A0C91BC942}") = "example6", "examples\example6.vcxproj", "{09CFF95F-0089-3A6D-830D-A3594CDD66B5}"
	ProjectSection(ProjectDependencies) = postProject
		{238ECEF4-7F07-3A9E-8155-13DC53AB9715} = {238ECEF4-7F07-3A9E-8155-13DC53AB9715}
		{B07D6EA6-F772-3FB5-B11B-8D710CF12815} = {B07D6EA6-F772-3FB5-B11B-8D710CF12815}
	EndProjectSection
EndProject
Project("{8BC9CEB8-8B4A-11D0-8D11-00A0C91BC942}") = "example7", "examples\example7.vcxproj", "{229BC7A5-66B7-31AB-9614-3F655C865CD8}"
	ProjectSection(ProjectDependencies) = postProject
		{238ECEF4-7F07-3A9E-8155-13DC53AB9715} = {238ECEF4-7F07-3A9E-8155-13DC53AB9715}
		{B07D6EA6-F772-3FB5-B11B-8D710CF12815} = {B07D6EA6-F772-3FB5-B11B-8D710CF12815}
	EndProjectSection
EndProject
Project("{8BC9CEB8-8B4A-11D0-8D11-00A0C91BC942}") = "example8", "examples\example8.vcxproj", "{D5BED753-641F-3977-9000-20D4B09BEF6A}"
	ProjectSection(ProjectDependencies) = postProject
		{238ECEF4-7F07-3A9E-8155-13DC53AB9715} = {238ECEF4-7F07-3A9E-8155-13DC53AB9715}
		{B07D6EA6-F772-3FB5-B11B-8D710CF12815} = {B07D6EA6-F772-3FB5-B11B-8D710CF12815}
	EndProjectSection
EndProject
Project("{8BC9CEB8-8B4A-11D0-8D11-00A0C91BC942}") = "jrtplib-static", "src\jrtplib-static.vcxproj", "{B07D6EA6-F772-3FB5-B11B-8D710CF12815}"
	ProjectSection(ProjectDependencies) = postProject
		{238ECEF4-7F07-3A9E-8155-13DC53AB9715} = {238ECEF4-7F07-3A9E-8155-13DC53AB9715}
	EndProjectSection
EndProject
Project("{8BC9CEB8-8B4A-11D0-8D11-00A0C91BC942}") = "readlogfile", "tests\readlogfile.vcxproj", "{DA3C0CBD-B8BC-3F4F-A4DA-8B41C36660BC}"
	ProjectSection(ProjectDependencies) = postProject
		{238ECEF4-7F07-3A9E-8155-13DC53AB9715} = {238ECEF4-7F07-3A9E-8155-13DC53AB9715}
		{B07D6EA6-F772-3FB5-B11B-8D710CF12815} = {B07D6EA6-F772-3FB5-B11B-8D710CF12815}
	EndProjectSection
EndProject
Project("{8BC9CEB8-8B4A-11D0-8D11-00A0C91BC942}") = "rtcpdump", "tests\rtcpdump.vcxproj", "{887360DC-528E-3DDB-A38F-72302EDEED46}"
	ProjectSection(ProjectDependencies) = postProject
		{238ECEF4-7F07-3A9E-8155-13DC53AB9715} = {238ECEF4-7F07-3A9E-8155-13DC53AB9715}
		{B07D6EA6-F772-3FB5-B11B-8D710CF12815} = {B07D6EA6-F772-3FB5-B11B-8D710CF12815}
	EndProjectSection
EndProject
Project("{8BC9CEB8-8B4A-11D0-8D11-00A0C91BC942}") = "srtptest", "tests\srtptest.vcxproj", "{73A145F1-FE9E-37EA-8DED-A6219909A0EA}"
	ProjectSection(ProjectDependencies) = postProject
		{238ECEF4-7F07-3A9E-8155-13DC53AB9715} = {238ECEF4-7F07-3A9E-8155-13DC53AB9715}
		{B07D6EA6-F772-3FB5-B11B-8D710CF12815} = {B07D6EA6-F772-3FB5-B11B-8D710CF12815}
	EndProjectSection
EndProject
Project("{8BC9CEB8-8B4A-11D0-8D11-00A0C91BC942}") = "tcptest", "tests\tcptest.vcxproj", "{2E4A38E5-FDF4-39FD-880D-FF614D4AFA6E}"
	ProjectSection(ProjectDependencies) = postProject
		{238ECEF4-7F07-3A9E-8155-13DC53AB9715} = {238ECEF4-7F07-3A9E-8155-13DC53AB9715}
		{B07D6EA6-F772-3FB5-B11B-8D710CF12815} = {B07D6EA6-F772-3FB5-B11B-8D710CF12815}
	EndProjectSection
EndProject
Project("{8BC9CEB8-8B4A-11D0-8D11-00A0C91BC942}") = "testautoportbase", "tests\testautoportbase.vcxproj", "{A6132FCF-CA08-35E8-B61B-BD993E066CDE}"
	ProjectSection(ProjectDependencies) = postProject
		{238ECEF4-7F07-3A9E-8155-13DC53AB9715} = {238ECEF4-7F07-3A9E-8155-13DC53AB9715}
		{B07D6EA6-F772-3FB5-B11B-8D710CF12815} = {B07D6EA6-F772-3FB5-B11B-8D710CF12815}
	EndProjectSection
EndProject
Project("{8BC9CEB8-8B4A-11D0-8D11-00A0C91BC942}") = "testexistingsockets", "tests\testexistingsockets.vcxproj", "{769E757A-3C95-3E49-B19F-CA5F49BA17B2}"
	ProjectSection(ProjectDependencies) = postProject
		{238ECEF4-7F07-3A9E-8155-13DC53AB9715} = {238ECEF4-7F07-3A9E-8155-13DC53AB9715}
		{B07D6EA6-F772-3FB5-B11B-8D710CF12815} = {B07D6EA6-F772-3FB5-B11B-8D710CF12815}
	EndProjectSection
EndProject
Project("{8BC9CEB8-8B4A-11D0-8D11-00A0C91BC942}") = "testmultiplex", "tests\testmultiplex.vcxproj", "{989B7449-C8EC-3F61-85D3-B8B8CA78241C}"
	ProjectSection(ProjectDependencies) = postProject
		{238ECEF4-7F07-3A9E-8155-13DC53AB9715} = {238ECEF4-7F07-3A9E-8155-13DC53AB9715}
		{B07D6EA6-F772-3FB5-B11B-8D710CF12815} = {B07D6EA6-F772-3FB5-B11B-8D710CF12815}
	EndProjectSection
EndProject
Project("{8BC9CEB8-8B4A-11D0-8D11-00A0C91BC942}") = "timeinittest", "tests\timeinittest.vcxproj", "{3F6FDCD1-AF72-3C2F-B67D-05988FB8CF61}"
	ProjectSection(ProjectDependencies) = postProject
		{238ECEF4-7F07-3A9E-8155-13DC53AB9715} = {238ECEF4-7F07-3A9E-8155-13DC53AB9715}
		{B07D6EA6-F772-3FB5-B11B-8D710CF12815} = {B07D6EA6-F772-3FB5-B11B-8D710CF12815}
	EndProjectSection
EndProject
Project("{8BC9CEB8-8B4A-11D0-8D11-00A0C91BC942}") = "timetest", "tests\timetest.vcxproj", "{7CA2B91B-814F-36D3-944C-F5E577DF219B}"
	ProjectSection(ProjectDependencies) = postProject
		{238ECEF4-7F07-3A9E-8155-13DC53AB9715} = {238ECEF4-7F07-3A9E-8155-13DC53AB9715}
		{B07D6EA6-F772-3FB5-B11B-8D710CF12815} = {B07D6EA6-F772-3FB5-B11B-8D710CF12815}
	EndProjectSection
EndProject
Global
	GlobalSection(SolutionConfigurationPlatforms) = preSolution
		Debug|x64 = Debug|x64
		Release|x64 = Release|x64
		MinSizeRel|x64 = MinSizeRel|x64
		RelWithDebInfo|x64 = RelWithDebInfo|x64
	EndGlobalSection
	GlobalSection(ProjectConfigurationPlatforms) = postSolution
		{B4CDBB46-9567-3EA8-80D9-83F99AAC7C61}.Debug|x64.ActiveCfg = Debug|x64
		{B4CDBB46-9567-3EA8-80D9-83F99AAC7C61}.Debug|x64.Build.0 = Debug|x64
		{B4CDBB46-9567-3EA8-80D9-83F99AAC7C61}.Release|x64.ActiveCfg = Release|x64
		{B4CDBB46-9567-3EA8-80D9-83F99AAC7C61}.Release|x64.Build.0 = Release|x64
		{B4CDBB46-9567-3EA8-80D9-83F99AAC7C61}.MinSizeRel|x64.ActiveCfg = MinSizeRel|x64
		{B4CDBB46-9567-3EA8-80D9-83F99AAC7C61}.MinSizeRel|x64.Build.0 = MinSizeRel|x64
		{B4CDBB46-9567-3EA8-80D9-83F99AAC7C61}.RelWithDebInfo|x64.ActiveCfg = RelWithDebInfo|x64
		{B4CDBB46-9567-3EA8-80D9-83F99AAC7C61}.RelWithDebInfo|x64.Build.0 = RelWithDebInfo|x64
		{B9D832AB-FEDF-3BC8-BB17-6ABD6F9C4F6E}.Debug|x64.ActiveCfg = Debug|x64
		{B9D832AB-FEDF-3BC8-BB17-6ABD6F9C4F6E}.Release|x64.ActiveCfg = Release|x64
		{B9D832AB-FEDF-3BC8-BB17-6ABD6F9C4F6E}.MinSizeRel|x64.ActiveCfg = MinSizeRel|x64
		{B9D832AB-FEDF-3BC8-BB17-6ABD6F9C4F6E}.RelWithDebInfo|x64.ActiveCfg = RelWithDebInfo|x64
		{238ECEF4-7F07-3A9E-8155-13DC53AB9715}.Debug|x64.ActiveCfg = Debug|x64
		{238ECEF4-7F07-3A9E-8155-13DC53AB9715}.Debug|x64.Build.0 = Debug|x64
		{238ECEF4-7F07-3A9E-8155-13DC53AB9715}.Release|x64.ActiveCfg = Release|x64
		{238ECEF4-7F07-3A9E-8155-13DC53AB9715}.Release|x64.Build.0 = Release|x64
		{238ECEF4-7F07-3A9E-8155-13DC53AB9715}.MinSizeRel|x64.ActiveCfg = MinSizeRel|x64
		{238ECEF4-7F07-3A9E-8155-13DC53AB9715}.MinSizeRel|x64.Build.0 = MinSizeRel|x64
		{238ECEF4-7F07-3A9E-8155-13DC53AB9715}.RelWithDebInfo|x64.ActiveCfg = RelWithDebInfo|x64
		{238ECEF4-7F07-3A9E-8155-13DC53AB9715}.RelWithDebInfo|x64.Build.0 = RelWithDebInfo|x64
		{F02CD54D-D4F7-34C5-A9A9-E7D446124EFC}.Debug|x64.ActiveCfg = Debug|x64
		{F02CD54D-D4F7-34C5-A9A9-E7D446124EFC}.Debug|x64.Build.0 = Debug|x64
		{F02CD54D-D4F7-34C5-A9A9-E7D446124EFC}.Release|x64.ActiveCfg = Release|x64
		{F02CD54D-D4F7-34C5-A9A9-E7D446124EFC}.Release|x64.Build.0 = Release|x64
		{F02CD54D-D4F7-34C5-A9A9-E7D446124EFC}.MinSizeRel|x64.ActiveCfg = MinSizeRel|x64
		{F02CD54D-D4F7-34C5-A9A9-E7D446124EFC}.MinSizeRel|x64.Build.0 = MinSizeRel|x64
		{F02CD54D-D4F7-34C5-A9A9-E7D446124EFC}.RelWithDebInfo|x64.ActiveCfg = RelWithDebInfo|x64
		{F02CD54D-D4F7-34C5-A9A9-E7D446124EFC}.RelWithDebInfo|x64.Build.0 = RelWithDebInfo|x64
		{CF092FF2-C498-3A41-BC18-C642AA901F51}.Debug|x64.ActiveCfg = Debug|x64
		{CF092FF2-C498-3A41-BC18-C642AA901F51}.Debug|x64.Build.0 = Debug|x64
		{CF092FF2-C498-3A41-BC18-C642AA901F51}.Release|x64.ActiveCfg = Release|x64
		{CF092FF2-C498-3A41-BC18-C642AA901F51}.Release|x64.Build.0 = Release|x64
		{CF092FF2-C498-3A41-BC18-C642AA901F51}.MinSizeRel|x64.ActiveCfg = MinSizeRel|x64
		{CF092FF2-C498-3A41-BC18-C642AA901F51}.MinSizeRel|x64.Build.0 = MinSizeRel|x64
		{CF092FF2-C498-3A41-BC18-C642AA901F51}.RelWithDebInfo|x64.ActiveCfg = RelWithDebInfo|x64
		{CF092FF2-C498-3A41-BC18-C642AA901F51}.RelWithDebInfo|x64.Build.0 = RelWithDebInfo|x64
		{21D97017-7376-3CB4-BA1C-7362121A6C81}.Debug|x64.ActiveCfg = Debug|x64
		{21D97017-7376-3CB4-BA1C-7362121A6C81}.Debug|x64.Build.0 = Debug|x64
		{21D97017-7376-3CB4-BA1C-7362121A6C81}.Release|x64.ActiveCfg = Release|x64
		{21D97017-7376-3CB4-BA1C-7362121A6C81}.Release|x64.Build.0 = Release|x64
		{21D97017-7376-3CB4-BA1C-7362121A6C81}.MinSizeRel|x64.ActiveCfg = MinSizeRel|x64
		{21D97017-7376-3CB4-BA1C-7362121A6C81}.MinSizeRel|x64.Build.0 = MinSizeRel|x64
		{21D97017-7376-3CB4-BA1C-7362121A6C81}.RelWithDebInfo|x64.ActiveCfg = RelWithDebInfo|x64
		{21D97017-7376-3CB4-BA1C-7362121A6C81}.RelWithDebInfo|x64.Build.0 = RelWithDebInfo|x64
		{1AB6D6B5-DA55-3AEF-8CB5-04BFA83E9E28}.Debug|x64.ActiveCfg = Debug|x64
		{1AB6D6B5-DA55-3AEF-8CB5-04BFA83E9E28}.Debug|x64.Build.0 = Debug|x64
		{1AB6D6B5-DA55-3AEF-8CB5-04BFA83E9E28}.Release|x64.ActiveCfg = Release|x64
		{1AB6D6B5-DA55-3AEF-8CB5-04BFA83E9E28}.Release|x64.Build.0 = Release|x64
		{1AB6D6B5-DA55-3AEF-8CB5-04BFA83E9E28}.MinSizeRel|x64.ActiveCfg = MinSizeRel|x64
		{1AB6D6B5-DA55-3AEF-8CB5-04BFA83E9E28}.MinSizeRel|x64.Build.0 = MinSizeRel|x64
		{1AB6D6B5-DA55-3AEF-8CB5-04BFA83E9E28}.RelWithDebInfo|x64.ActiveCfg = RelWithDebInfo|x64
		{1AB6D6B5-DA55-3AEF-8CB5-04BFA83E9E28}.RelWithDebInfo|x64.Build.0 = RelWithDebInfo|x64
		{3C087F5B-4E7B-35F9-8AA5-514D1DB18538}.Debug|x64.ActiveCfg = Debug|x64
		{3C087F5B-4E7B-35F9-8AA5-514D1DB18538}.Debug|x64.Build.0 = Debug|x64
		{3C087F5B-4E7B-35F9-8AA5-514D1DB18538}.Release|x64.ActiveCfg = Release|x64
		{3C087F5B-4E7B-35F9-8AA5-514D1DB18538}.Release|x64.Build.0 = Release|x64
		{3C087F5B-4E7B-35F9-8AA5-514D1DB18538}.MinSizeRel|x64.ActiveCfg = MinSizeRel|x64
		{3C087F5B-4E7B-35F9-8AA5-514D1DB18538}.MinSizeRel|x64.Build.0 = MinSizeRel|x64
		{3C087F5B-4E7B-35F9-8AA5-514D1DB18538}.RelWithDebInfo|x64.ActiveCfg = RelWithDebInfo|x64
		{3C087F5B-4E7B-35F9-8AA5-514D1DB18538}.RelWithDebInfo|x64.Build.0 = RelWithDebInfo|x64
		{03CDF1D0-9489-393C-A0E2-6F67FA903DA8}.Debug|x64.ActiveCfg = Debug|x64
		{03CDF1D0-9489-393C-A0E2-6F67FA903DA8}.Debug|x64.Build.0 = Debug|x64
		{03CDF1D0-9489-393C-A0E2-6F67FA903DA8}.Release|x64.ActiveCfg = Release|x64
		{03CDF1D0-9489-393C-A0E2-6F67FA903DA8}.Release|x64.Build.0 = Release|x64
		{03CDF1D0-9489-393C-A0E2-6F67FA903DA8}.MinSizeRel|x64.ActiveCfg = MinSizeRel|x64
		{03CDF1D0-9489-393C-A0E2-6F67FA903DA8}.MinSizeRel|x64.Build.0 = MinSizeRel|x64
		{03CDF1D0-9489-393C-A0E2-6F67FA903DA8}.RelWithDebInfo|x64.ActiveCfg = RelWithDebInfo|x64
		{03CDF1D0-9489-393C-A0E2-6F67FA903DA8}.RelWithDebInfo|x64.Build.0 = RelWithDebInfo|x64
		{A265AD03-6942-317E-899D-4410753EF043}.Debug|x64.ActiveCfg = Debug|x64
		{A265AD03-6942-317E-899D-4410753EF043}.Debug|x64.Build.0 = Debug|x64
		{A265AD03-6942-317E-899D-4410753EF043}.Release|x64.ActiveCfg = Release|x64
		{A265AD03-6942-317E-899D-4410753EF043}.Release|x64.Build.0 = Release|x64
		{A265AD03-6942-317E-899D-4410753EF043}.MinSizeRel|x64.ActiveCfg = MinSizeRel|x64
		{A265AD03-6942-317E-899D-4410753EF043}.MinSizeRel|x64.Build.0 = MinSizeRel|x64
		{A265AD03-6942-317E-899D-4410753EF043}.RelWithDebInfo|x64.ActiveCfg = RelWithDebInfo|x64
		{A265AD03-6942-317E-899D-4410753EF043}.RelWithDebInfo|x64.Build.0 = RelWithDebInfo|x64
		{09CFF95F-0089-3A6D-830D-A3594CDD66B5}.Debug|x64.ActiveCfg = Debug|x64
		{09CFF95F-0089-3A6D-830D-A3594CDD66B5}.Debug|x64.Build.0 = Debug|x64
		{09CFF95F-0089-3A6D-830D-A3594CDD66B5}.Release|x64.ActiveCfg = Release|x64
		{09CFF95F-0089-3A6D-830D-A3594CDD66B5}.Release|x64.Build.0 = Release|x64
		{09CFF95F-0089-3A6D-830D-A3594CDD66B5}.MinSizeRel|x64.ActiveCfg = MinSizeRel|x64
		{09CFF95F-0089-3A6D-830D-A3594CDD66B5}.MinSizeRel|x64.Build.0 = MinSizeRel|x64
		{09CFF95F-0089-3A6D-830D-A3594CDD66B5}.RelWithDebInfo|x64.ActiveCfg = RelWithDebInfo|x64
		{09CFF95F-0089-3A6D-830D-A3594CDD66B5}.RelWithDebInfo|x64.Build.0 = RelWithDebInfo|x64
		{229BC7A5-66B7-31AB-9614-3F655C865CD8}.Debug|x64.ActiveCfg = Debug|x64
		{229BC7A5-66B7-31AB-9614-3F655C865CD8}.Debug|x64.Build.0 = Debug|x64
		{229BC7A5-66B7-31AB-9614-3F655C865CD8}.Release|x64.ActiveCfg = Release|x64
		{229BC7A5-66B7-31AB-9614-3F655C865CD8}.Release|x64.Build.0 = Release|x64
		{229BC7A5-66B7-31AB-9614-3F655C865CD8}.MinSizeRel|x64.ActiveCfg = MinSizeRel|x64
		{229BC7A5-66B7-31AB-9614-3F655C865CD8}.MinSizeRel|x64.Build.0 = MinSizeRel|x64
		{229BC7A5-66B7-31AB-9614-3F655C865CD8}.RelWithDebInfo|x64.ActiveCfg = RelWithDebInfo|x64
		{229BC7A5-66B7-31AB-9614-3F655C865CD8}.RelWithDebInfo|x64.Build.0 = RelWithDebInfo|x64
		{D5BED753-641F-3977-9000-20D4B09BEF6A}.Debug|x64.ActiveCfg = Debug|x64
		{D5BED753-641F-3977-9000-20D4B09BEF6A}.Debug|x64.Build.0 = Debug|x64
		{D5BED753-641F-3977-9000-20D4B09BEF6A}.Release|x64.ActiveCfg = Release|x64
		{D5BED753-641F-3977-9000-20D4B09BEF6A}.Release|x64.Build.0 = Release|x64
		{D5BED753-641F-3977-9000-20D4B09BEF6A}.MinSizeRel|x64.ActiveCfg = MinSizeRel|x64
		{D5BED753-641F-3977-9000-20D4B09BEF6A}.MinSizeRel|x64.Build.0 = MinSizeRel|x64
		{D5BED753-641F-3977-9000-20D4B09BEF6A}.RelWithDebInfo|x64.ActiveCfg = RelWithDebInfo|x64
		{D5BED753-641F-3977-9000-20D4B09BEF6A}.RelWithDebInfo|x64.Build.0 = RelWithDebInfo|x64
		{B07D6EA6-F772-3FB5-B11B-8D710CF12815}.Debug|x64.ActiveCfg = Debug|x64
		{B07D6EA6-F772-3FB5-B11B-8D710CF12815}.Debug|x64.Build.0 = Debug|x64
		{B07D6EA6-F772-3FB5-B11B-8D710CF12815}.Release|x64.ActiveCfg = Release|x64
		{B07D6EA6-F772-3FB5-B11B-8D710CF12815}.Release|x64.Build.0 = Release|x64
		{B07D6EA6-F772-3FB5-B11B-8D710CF12815}.MinSizeRel|x64.ActiveCfg = MinSizeRel|x64
		{B07D6EA6-F772-3FB5-B11B-8D710CF12815}.MinSizeRel|x64.Build.0 = MinSizeRel|x64
		{B07D6EA6-F772-3FB5-B11B-8D710CF12815}.RelWithDebInfo|x64.ActiveCfg = RelWithDebInfo|x64
		{B07D6EA6-F772-3FB5-B11B-8D710CF12815}.RelWithDebInfo|x64.Build.0 = RelWithDebInfo|x64
		{DA3C0CBD-B8BC-3F4F-A4DA-8B41C36660BC}.Debug|x64.ActiveCfg = Debug|x64
		{DA3C0CBD-B8BC-3F4F-A4DA-8B41C36660BC}.Debug|x64.Build.0 = Debug|x64
		{DA3C0CBD-B8BC-3F4F-A4DA-8B41C36660BC}.Release|x64.ActiveCfg = Release|x64
		{DA3C0CBD-B8BC-3F4F-A4DA-8B41C36660BC}.Release|x64.Build.0 = Release|x64
		{DA3C0CBD-B8BC-3F4F-A4DA-8B41C36660BC}.MinSizeRel|x64.ActiveCfg = MinSizeRel|x64
		{DA3C0CBD-B8BC-3F4F-A4DA-8B41C36660BC}.MinSizeRel|x64.Build.0 = MinSizeRel|x64
		{DA3C0CBD-B8BC-3F4F-A4DA-8B41C36660BC}.RelWithDebInfo|x64.ActiveCfg = RelWithDebInfo|x64
		{DA3C0CBD-B8BC-3F4F-A4DA-8B41C36660BC}.RelWithDebInfo|x64.Build.0 = RelWithDebInfo|x64
		{887360DC-528E-3DDB-A38F-72302EDEED46}.Debug|x64.ActiveCfg = Debug|x64
		{887360DC-528E-3DDB-A38F-72302EDEED46}.Debug|x64.Build.0 = Debug|x64
		{887360DC-528E-3DDB-A38F-72302EDEED46}.Release|x64.ActiveCfg = Release|x64
		{887360DC-528E-3DDB-A38F-72302EDEED46}.Release|x64.Build.0 = Release|x64
		{887360DC-528E-3DDB-A38F-72302EDEED46}.MinSizeRel|x64.ActiveCfg = MinSizeRel|x64
		{887360DC-528E-3DDB-A38F-72302EDEED46}.MinSizeRel|x64.Build.0 = MinSizeRel|x64
		{887360DC-528E-3DDB-A38F-72302EDEED46}.RelWithDebInfo|x64.ActiveCfg = RelWithDebInfo|x64
		{887360DC-528E-3DDB-A38F-72302EDEED46}.RelWithDebInfo|x64.Build.0 = RelWithDebInfo|x64
		{73A145F1-FE9E-37EA-8DED-A6219909A0EA}.Debug|x64.ActiveCfg = Debug|x64
		{73A145F1-FE9E-37EA-8DED-A6219909A0EA}.Debug|x64.Build.0 = Debug|x64
		{73A145F1-FE9E-37EA-8DED-A6219909A0EA}.Release|x64.ActiveCfg = Release|x64
		{73A145F1-FE9E-37EA-8DED-A6219909A0EA}.Release|x64.Build.0 = Release|x64
		{73A145F1-FE9E-37EA-8DED-A6219909A0EA}.MinSizeRel|x64.ActiveCfg = MinSizeRel|x64
		{73A145F1-FE9E-37EA-8DED-A6219909A0EA}.MinSizeRel|x64.Build.0 = MinSizeRel|x64
		{73A145F1-FE9E-37EA-8DED-A6219909A0EA}.RelWithDebInfo|x64.ActiveCfg = RelWithDebInfo|x64
		{73A145F1-FE9E-37EA-8DED-A6219909A0EA}.RelWithDebInfo|x64.Build.0 = RelWithDebInfo|x64
		{2E4A38E5-FDF4-39FD-880D-FF614D4AFA6E}.Debug|x64.ActiveCfg = Debug|x64
		{2E4A38E5-FDF4-39FD-880D-FF614D4AFA6E}.Debug|x64.Build.0 = Debug|x64
		{2E4A38E5-FDF4-39FD-880D-FF614D4AFA6E}.Release|x64.ActiveCfg = Release|x64
		{2E4A38E5-FDF4-39FD-880D-FF614D4AFA6E}.Release|x64.Build.0 = Release|x64
		{2E4A38E5-FDF4-39FD-880D-FF614D4AFA6E}.MinSizeRel|x64.ActiveCfg = MinSizeRel|x64
		{2E4A38E5-FDF4-39FD-880D-FF614D4AFA6E}.MinSizeRel|x64.Build.0 = MinSizeRel|x64
		{2E4A38E5-FDF4-39FD-880D-FF614D4AFA6E}.RelWithDebInfo|x64.ActiveCfg = RelWithDebInfo|x64
		{2E4A38E5-FDF4-39FD-880D-FF614D4AFA6E}.RelWithDebInfo|x64.Build.0 = RelWithDebInfo|x64
		{A6132FCF-CA08-35E8-B61B-BD993E066CDE}.Debug|x64.ActiveCfg = Debug|x64
		{A6132FCF-CA08-35E8-B61B-BD993E066CDE}.Debug|x64.Build.0 = Debug|x64
		{A6132FCF-CA08-35E8-B61B-BD993E066CDE}.Release|x64.ActiveCfg = Release|x64
		{A6132FCF-CA08-35E8-B61B-BD993E066CDE}.Release|x64.Build.0 = Release|x64
		{A6132FCF-CA08-35E8-B61B-BD993E066CDE}.MinSizeRel|x64.ActiveCfg = MinSizeRel|x64
		{A6132FCF-CA08-35E8-B61B-BD993E066CDE}.MinSizeRel|x64.Build.0 = MinSizeRel|x64
		{A6132FCF-CA08-35E8-B61B-BD993E066CDE}.RelWithDebInfo|x64.ActiveCfg = RelWithDebInfo|x64
		{A6132FCF-CA08-35E8-B61B-BD993E066CDE}.RelWithDebInfo|x64.Build.0 = RelWithDebInfo|x64
		{769E757A-3C95-3E49-B19F-CA5F49BA17B2}.Debug|x64.ActiveCfg = Debug|x64
		{769E757A-3C95-3E49-B19F-CA5F49BA17B2}.Debug|x64.Build.0 = Debug|x64
		{769E757A-3C95-3E49-B19F-CA5F49BA17B2}.Release|x64.ActiveCfg = Release|x64
		{769E757A-3C95-3E49-B19F-CA5F49BA17B2}.Release|x64.Build.0 = Release|x64
		{769E757A-3C95-3E49-B19F-CA5F49BA17B2}.MinSizeRel|x64.ActiveCfg = MinSizeRel|x64
		{769E757A-3C95-3E49-B19F-CA5F49BA17B2}.MinSizeRel|x64.Build.0 = MinSizeRel|x64
		{769E757A-3C95-3E49-B19F-CA5F49BA17B2}.RelWithDebInfo|x64.ActiveCfg = RelWithDebInfo|x64
		{769E757A-3C95-3E49-B19F-CA5F49BA17B2}.RelWithDebInfo|x64.Build.0 = RelWithDebInfo|x64
		{989B7449-C8EC-3F61-85D3-B8B8CA78241C}.Debug|x64.ActiveCfg = Debug|x64
		{989B7449-C8EC-3F61-85D3-B8B8CA78241C}.Debug|x64.Build.0 = Debug|x64
		{989B7449-C8EC-3F61-85D3-B8B8CA78241C}.Release|x64.ActiveCfg = Release|x64
		{989B7449-C8EC-3F61-85D3-B8B8CA78241C}.Release|x64.Build.0 = Release|x64
		{989B7449-C8EC-3F61-85D3-B8B8CA78241C}.MinSizeRel|x64.ActiveCfg = MinSizeRel|x64
		{989B7449-C8EC-3F61-85D3-B8B8CA78241C}.MinSizeRel|x64.Build.0 = MinSizeRel|x64
		{989B7449-C8EC-3F61-85D3-B8B8CA78241C}.RelWithDebInfo|x64.ActiveCfg = RelWithDebInfo|x64
		{989B7449-C8EC-3F61-85D3-B8B8CA78241C}.RelWithDebInfo|x64.Build.0 = RelWithDebInfo|x64
		{3F6FDCD1-AF72-3C2F-B67D-05988FB8CF61}.Debug|x64.ActiveCfg = Debug|x64
		{3F6FDCD1-AF72-3C2F-B67D-05988FB8CF61}.Debug|x64.Build.0 = Debug|x64
		{3F6FDCD1-AF72-3C2F-B67D-05988FB8CF61}.Release|x64.ActiveCfg = Release|x64
		{3F6FDCD1-AF72-3C2F-B67D-05988FB8CF61}.Release|x64.Build.0 = Release|x64
		{3F6FDCD1-AF72-3C2F-B67D-05988FB8CF61}.MinSizeRel|x64.ActiveCfg = MinSizeRel|x64
		{3F6FDCD1-AF72-3C2F-B67D-05988FB8CF61}.MinSizeRel|x64.Build.0 = MinSizeRel|x64
		{3F6FDCD1-AF72-3C2F-B67D-05988FB8CF61}.RelWithDebInfo|x64.ActiveCfg = RelWithDebInfo|x64
		{3F6FDCD1-AF72-3C2F-B67D-05988FB8CF61}.RelWithDebInfo|x64.Build.0 = RelWithDebInfo|x64
		{7CA2B91B-814F-36D3-944C-F5E577DF219B}.Debug|x64.ActiveCfg = Debug|x64
		{7CA2B91B-814F-36D3-944C-F5E577DF219B}.Debug|x64.Build.0 = Debug|x64
		{7CA2B91B-814F-36D3-944C-F5E577DF219B}.Release|x64.ActiveCfg = Release|x64
		{7CA2B91B-814F-36D3-944C-F5E577DF219B}.Release|x64.Build.0 = Release|x64
		{7CA2B91B-814F-36D3-944C-F5E577DF219B}.MinSizeRel|x64.ActiveCfg = MinSizeRel|x64
		{7CA2B91B-814F-36D3-944C-F5E577DF219B}.MinSizeRel|x64.Build.0 = MinSizeRel|x64
		{7CA2B91B-814F-36D3-944C-F5E577DF219B}.RelWithDebInfo|x64.ActiveCfg = RelWithDebInfo|x64
		{7CA2B91B-814F-36D3-944C-F5E577DF219B}.RelWithDebInfo|x64.Build.0 = RelWithDebInfo|x64
	EndGlobalSection
	GlobalSection(ExtensibilityGlobals) = postSolution
	EndGlobalSection
	GlobalSection(ExtensibilityAddIns) = postSolution
	EndGlobalSection
EndGlobal
