Microsoft Visual Studio Solution File, Format Version 12.00
# Visual Studio 14
Project("{8BC9CEB8-8B4A-11D0-8D11-00A0C91BC942}") = "ALL_BUILD", "ALL_BUILD.vcxproj", "{B501B3F2-111E-3ACF-A0A7-F63891D6E85A}"
	ProjectSection(ProjectDependencies) = postProject
		{F14B08A5-B1D2-3FCA-87D0-F31222529F3B} = {F14B08A5-B1D2-3FCA-87D0-F31222529F3B}
		{E964BB93-122A-39DA-AACB-56000C5FC2BA} = {E964BB93-122A-39DA-AACB-56000C5FC2BA}
		{FB6E116F-149F-34C9-ADD8-EED9B4772E91} = {FB6E116F-149F-34C9-ADD8-EED9B4772E91}
		{83F93081-5C4A-3663-B26B-65AA3CCAF3E8} = {83F93081-5C4A-3663-B26B-65AA3CCAF3E8}
		{CDADBA35-A8E6-3004-A0EC-C2AA169DF7D9} = {CDADBA35-A8E6-3004-A0EC-C2AA169DF7D9}
		{B665874E-17F2-3CAC-ACC8-58BD37FB1121} = {B665874E-17F2-3CAC-ACC8-58BD37FB1121}
		{5C9F5CD1-7D87-3463-8177-39534781F22D} = {5C9F5CD1-7D87-3463-8177-39534781F22D}
		{D0CDEDCB-C857-3202-996E-ECC53C801BCA} = {D0CDEDCB-C857-3202-996E-ECC53C801BCA}
		{248E873F-E883-3ACB-9D1C-1EDD67E31B44} = {248E873F-E883-3ACB-9D1C-1EDD67E31B44}
		{2574CF8E-9908-353D-95C2-00DB5F8DDF87} = {2574CF8E-9908-353D-95C2-00DB5F8DDF87}
		{BAA1F5FC-495E-3E8E-B6CF-B620FDF7DC26} = {BAA1F5FC-495E-3E8E-B6CF-B620FDF7DC26}
		{742EFC41-AD15-3BB9-A377-8843CB411E42} = {742EFC41-AD15-3BB9-A377-8843CB411E42}
		{CF8127D0-C10E-300D-B155-F6B87D43C8F1} = {CF8127D0-C10E-300D-B155-F6B87D43C8F1}
		{89882DC4-7897-3844-9F6F-8A61D76B2602} = {89882DC4-7897-3844-9F6F-8A61D76B2602}
		{DAC40E84-9B1E-3852-A64A-80CF59C05BDA} = {DAC40E84-9B1E-3852-A64A-80CF59C05BDA}
		{51FE517D-C9BE-3C0A-9B7B-F71081AA2599} = {51FE517D-C9BE-3C0A-9B7B-F71081AA2599}
		{9312806A-3BD9-3066-BD5D-05A9039D210D} = {9312806A-3BD9-3066-BD5D-05A9039D210D}
		{9442093F-54D1-3099-89CB-A7CFBFEC70FC} = {9442093F-54D1-3099-89CB-A7CFBFEC70FC}
		{A537FA8D-C5FE-3514-A9A6-33C5A4D6893E} = {A537FA8D-C5FE-3514-A9A6-33C5A4D6893E}
		{9F71AC30-BE11-3BE5-8DB0-5A3493035F79} = {9F71AC30-BE11-3BE5-8DB0-5A3493035F79}
		{FFBFBF55-B5B8-3DF5-AEB1-243B45F2F74B} = {FFBFBF55-B5B8-3DF5-AEB1-243B45F2F74B}
	EndProjectSection
EndProject
Project("{8BC9CEB8-8B4A-11D0-8D11-00A0C91BC942}") = "INSTALL", "INSTALL.vcxproj", "{42EFC4F9-E983-3CA7-8B76-24357E62FD4A}"
	ProjectSection(ProjectDependencies) = postProject
		{B501B3F2-111E-3ACF-A0A7-F63891D6E85A} = {B501B3F2-111E-3ACF-A0A7-F63891D6E85A}
	EndProjectSection
EndProject
Project("{8BC9CEB8-8B4A-11D0-8D11-00A0C91BC942}") = "ZERO_CHECK", "ZERO_CHECK.vcxproj", "{F14B08A5-B1D2-3FCA-87D0-F31222529F3B}"
	ProjectSection(ProjectDependencies) = postProject
	EndProjectSection
EndProject
Project("{8BC9CEB8-8B4A-11D0-8D11-00A0C91BC942}") = "abortdescipv6", "tests\abortdescipv6.vcxproj", "{E964BB93-122A-39DA-AACB-56000C5FC2BA}"
	ProjectSection(ProjectDependencies) = postProject
		{F14B08A5-B1D2-3FCA-87D0-F31222529F3B} = {F14B08A5-B1D2-3FCA-87D0-F31222529F3B}
		{742EFC41-AD15-3BB9-A377-8843CB411E42} = {742EFC41-AD15-3BB9-A377-8843CB411E42}
	EndProjectSection
EndProject
Project("{8BC9CEB8-8B4A-11D0-8D11-00A0C91BC942}") = "abortdesctest", "tests\abortdesctest.vcxproj", "{FB6E116F-149F-34C9-ADD8-EED9B4772E91}"
	ProjectSection(ProjectDependencies) = postProject
		{F14B08A5-B1D2-3FCA-87D0-F31222529F3B} = {F14B08A5-B1D2-3FCA-87D0-F31222529F3B}
		{742EFC41-AD15-3BB9-A377-8843CB411E42} = {742EFC41-AD15-3BB9-A377-8843CB411E42}
	EndProjectSection
EndProject
Project("{8BC9CEB8-8B4A-11D0-8D11-00A0C91BC942}") = "example1", "examples\example1.vcxproj", "{83F93081-5C4A-3663-B26B-65AA3CCAF3E8}"
	ProjectSection(ProjectDependencies) = postProject
		{F14B08A5-B1D2-3FCA-87D0-F31222529F3B} = {F14B08A5-B1D2-3FCA-87D0-F31222529F3B}
		{742EFC41-AD15-3BB9-A377-8843CB411E42} = {742EFC41-AD15-3BB9-A377-8843CB411E42}
	EndProjectSection
EndProject
Project("{8BC9CEB8-8B4A-11D0-8D11-00A0C91BC942}") = "example2", "examples\example2.vcxproj", "{CDADBA35-A8E6-3004-A0EC-C2AA169DF7D9}"
	ProjectSection(ProjectDependencies) = postProject
		{F14B08A5-B1D2-3FCA-87D0-F31222529F3B} = {F14B08A5-B1D2-3FCA-87D0-F31222529F3B}
		{742EFC41-AD15-3BB9-A377-8843CB411E42} = {742EFC41-AD15-3BB9-A377-8843CB411E42}
	EndProjectSection
EndProject
Project("{8BC9CEB8-8B4A-11D0-8D11-00A0C91BC942}") = "example3", "examples\example3.vcxproj", "{B665874E-17F2-3CAC-ACC8-58BD37FB1121}"
	ProjectSection(ProjectDependencies) = postProject
		{F14B08A5-B1D2-3FCA-87D0-F31222529F3B} = {F14B08A5-B1D2-3FCA-87D0-F31222529F3B}
		{742EFC41-AD15-3BB9-A377-8843CB411E42} = {742EFC41-AD15-3BB9-A377-8843CB411E42}
	EndProjectSection
EndProject
Project("{8BC9CEB8-8B4A-11D0-8D11-00A0C91BC942}") = "example4", "examples\example4.vcxproj", "{5C9F5CD1-7D87-3463-8177-39534781F22D}"
	ProjectSection(ProjectDependencies) = postProject
		{F14B08A5-B1D2-3FCA-87D0-F31222529F3B} = {F14B08A5-B1D2-3FCA-87D0-F31222529F3B}
		{742EFC41-AD15-3BB9-A377-8843CB411E42} = {742EFC41-AD15-3BB9-A377-8843CB411E42}
	EndProjectSection
EndProject
Project("{8BC9CEB8-8B4A-11D0-8D11-00A0C91BC942}") = "example5", "examples\example5.vcxproj", "{D0CDEDCB-C857-3202-996E-ECC53C801BCA}"
	ProjectSection(ProjectDependencies) = postProject
		{F14B08A5-B1D2-3FCA-87D0-F31222529F3B} = {F14B08A5-B1D2-3FCA-87D0-F31222529F3B}
		{742EFC41-AD15-3BB9-A377-8843CB411E42} = {742EFC41-AD15-3BB9-A377-8843CB411E42}
	EndProjectSection
EndProject
Project("{8BC9CEB8-8B4A-11D0-8D11-00A0C91BC942}") = "example6", "examples\example6.vcxproj", "{248E873F-E883-3ACB-9D1C-1EDD67E31B44}"
	ProjectSection(ProjectDependencies) = postProject
		{F14B08A5-B1D2-3FCA-87D0-F31222529F3B} = {F14B08A5-B1D2-3FCA-87D0-F31222529F3B}
		{742EFC41-AD15-3BB9-A377-8843CB411E42} = {742EFC41-AD15-3BB9-A377-8843CB411E42}
	EndProjectSection
EndProject
Project("{8BC9CEB8-8B4A-11D0-8D11-00A0C91BC942}") = "example7", "examples\example7.vcxproj", "{2574CF8E-9908-353D-95C2-00DB5F8DDF87}"
	ProjectSection(ProjectDependencies) = postProject
		{F14B08A5-B1D2-3FCA-87D0-F31222529F3B} = {F14B08A5-B1D2-3FCA-87D0-F31222529F3B}
		{742EFC41-AD15-3BB9-A377-8843CB411E42} = {742EFC41-AD15-3BB9-A377-8843CB411E42}
	EndProjectSection
EndProject
Project("{8BC9CEB8-8B4A-11D0-8D11-00A0C91BC942}") = "example8", "examples\example8.vcxproj", "{BAA1F5FC-495E-3E8E-B6CF-B620FDF7DC26}"
	ProjectSection(ProjectDependencies) = postProject
		{F14B08A5-B1D2-3FCA-87D0-F31222529F3B} = {F14B08A5-B1D2-3FCA-87D0-F31222529F3B}
		{742EFC41-AD15-3BB9-A377-8843CB411E42} = {742EFC41-AD15-3BB9-A377-8843CB411E42}
	EndProjectSection
EndProject
Project("{8BC9CEB8-8B4A-11D0-8D11-00A0C91BC942}") = "jrtplib-static", "src\jrtplib-static.vcxproj", "{742EFC41-AD15-3BB9-A377-8843CB411E42}"
	ProjectSection(ProjectDependencies) = postProject
		{F14B08A5-B1D2-3FCA-87D0-F31222529F3B} = {F14B08A5-B1D2-3FCA-87D0-F31222529F3B}
	EndProjectSection
EndProject
Project("{8BC9CEB8-8B4A-11D0-8D11-00A0C91BC942}") = "readlogfile", "tests\readlogfile.vcxproj", "{CF8127D0-C10E-300D-B155-F6B87D43C8F1}"
	ProjectSection(ProjectDependencies) = postProject
		{F14B08A5-B1D2-3FCA-87D0-F31222529F3B} = {F14B08A5-B1D2-3FCA-87D0-F31222529F3B}
		{742EFC41-AD15-3BB9-A377-8843CB411E42} = {742EFC41-AD15-3BB9-A377-8843CB411E42}
	EndProjectSection
EndProject
Project("{8BC9CEB8-8B4A-11D0-8D11-00A0C91BC942}") = "rtcpdump", "tests\rtcpdump.vcxproj", "{89882DC4-7897-3844-9F6F-8A61D76B2602}"
	ProjectSection(ProjectDependencies) = postProject
		{F14B08A5-B1D2-3FCA-87D0-F31222529F3B} = {F14B08A5-B1D2-3FCA-87D0-F31222529F3B}
		{742EFC41-AD15-3BB9-A377-8843CB411E42} = {742EFC41-AD15-3BB9-A377-8843CB411E42}
	EndProjectSection
EndProject
Project("{8BC9CEB8-8B4A-11D0-8D11-00A0C91BC942}") = "srtptest", "tests\srtptest.vcxproj", "{DAC40E84-9B1E-3852-A64A-80CF59C05BDA}"
	ProjectSection(ProjectDependencies) = postProject
		{F14B08A5-B1D2-3FCA-87D0-F31222529F3B} = {F14B08A5-B1D2-3FCA-87D0-F31222529F3B}
		{742EFC41-AD15-3BB9-A377-8843CB411E42} = {742EFC41-AD15-3BB9-A377-8843CB411E42}
	EndProjectSection
EndProject
Project("{8BC9CEB8-8B4A-11D0-8D11-00A0C91BC942}") = "tcptest", "tests\tcptest.vcxproj", "{51FE517D-C9BE-3C0A-9B7B-F71081AA2599}"
	ProjectSection(ProjectDependencies) = postProject
		{F14B08A5-B1D2-3FCA-87D0-F31222529F3B} = {F14B08A5-B1D2-3FCA-87D0-F31222529F3B}
		{742EFC41-AD15-3BB9-A377-8843CB411E42} = {742EFC41-AD15-3BB9-A377-8843CB411E42}
	EndProjectSection
EndProject
Project("{8BC9CEB8-8B4A-11D0-8D11-00A0C91BC942}") = "testautoportbase", "tests\testautoportbase.vcxproj", "{9312806A-3BD9-3066-BD5D-05A9039D210D}"
	ProjectSection(ProjectDependencies) = postProject
		{F14B08A5-B1D2-3FCA-87D0-F31222529F3B} = {F14B08A5-B1D2-3FCA-87D0-F31222529F3B}
		{742EFC41-AD15-3BB9-A377-8843CB411E42} = {742EFC41-AD15-3BB9-A377-8843CB411E42}
	EndProjectSection
EndProject
Project("{8BC9CEB8-8B4A-11D0-8D11-00A0C91BC942}") = "testexistingsockets", "tests\testexistingsockets.vcxproj", "{9442093F-54D1-3099-89CB-A7CFBFEC70FC}"
	ProjectSection(ProjectDependencies) = postProject
		{F14B08A5-B1D2-3FCA-87D0-F31222529F3B} = {F14B08A5-B1D2-3FCA-87D0-F31222529F3B}
		{742EFC41-AD15-3BB9-A377-8843CB411E42} = {742EFC41-AD15-3BB9-A377-8843CB411E42}
	EndProjectSection
EndProject
Project("{8BC9CEB8-8B4A-11D0-8D11-00A0C91BC942}") = "testmultiplex", "tests\testmultiplex.vcxproj", "{A537FA8D-C5FE-3514-A9A6-33C5A4D6893E}"
	ProjectSection(ProjectDependencies) = postProject
		{F14B08A5-B1D2-3FCA-87D0-F31222529F3B} = {F14B08A5-B1D2-3FCA-87D0-F31222529F3B}
		{742EFC41-AD15-3BB9-A377-8843CB411E42} = {742EFC41-AD15-3BB9-A377-8843CB411E42}
	EndProjectSection
EndProject
Project("{8BC9CEB8-8B4A-11D0-8D11-00A0C91BC942}") = "timeinittest", "tests\timeinittest.vcxproj", "{9F71AC30-BE11-3BE5-8DB0-5A3493035F79}"
	ProjectSection(ProjectDependencies) = postProject
		{F14B08A5-B1D2-3FCA-87D0-F31222529F3B} = {F14B08A5-B1D2-3FCA-87D0-F31222529F3B}
		{742EFC41-AD15-3BB9-A377-8843CB411E42} = {742EFC41-AD15-3BB9-A377-8843CB411E42}
	EndProjectSection
EndProject
Project("{8BC9CEB8-8B4A-11D0-8D11-00A0C91BC942}") = "timetest", "tests\timetest.vcxproj", "{FFBFBF55-B5B8-3DF5-AEB1-243B45F2F74B}"
	ProjectSection(ProjectDependencies) = postProject
		{F14B08A5-B1D2-3FCA-87D0-F31222529F3B} = {F14B08A5-B1D2-3FCA-87D0-F31222529F3B}
		{742EFC41-AD15-3BB9-A377-8843CB411E42} = {742EFC41-AD15-3BB9-A377-8843CB411E42}
	EndProjectSection
EndProject
Global
	GlobalSection(SolutionConfigurationPlatforms) = preSolution
		Debug|x64 = Debug|x64
		Release|x64 = Release|x64
		MinSizeRel|x64 = MinSizeRel|x64
		RelWithDebInfo|x64 = RelWithDebInfo|x64
	EndGlobalSection
	GlobalSection(ProjectConfigurationPlatforms) = postSolution
		{B501B3F2-111E-3ACF-A0A7-F63891D6E85A}.Debug|x64.ActiveCfg = Debug|x64
		{B501B3F2-111E-3ACF-A0A7-F63891D6E85A}.Debug|x64.Build.0 = Debug|x64
		{B501B3F2-111E-3ACF-A0A7-F63891D6E85A}.Release|x64.ActiveCfg = Release|x64
		{B501B3F2-111E-3ACF-A0A7-F63891D6E85A}.Release|x64.Build.0 = Release|x64
		{B501B3F2-111E-3ACF-A0A7-F63891D6E85A}.MinSizeRel|x64.ActiveCfg = MinSizeRel|x64
		{B501B3F2-111E-3ACF-A0A7-F63891D6E85A}.MinSizeRel|x64.Build.0 = MinSizeRel|x64
		{B501B3F2-111E-3ACF-A0A7-F63891D6E85A}.RelWithDebInfo|x64.ActiveCfg = RelWithDebInfo|x64
		{B501B3F2-111E-3ACF-A0A7-F63891D6E85A}.RelWithDebInfo|x64.Build.0 = RelWithDebInfo|x64
		{42EFC4F9-E983-3CA7-8B76-24357E62FD4A}.Debug|x64.ActiveCfg = Debug|x64
		{42EFC4F9-E983-3CA7-8B76-24357E62FD4A}.Release|x64.ActiveCfg = Release|x64
		{42EFC4F9-E983-3CA7-8B76-24357E62FD4A}.MinSizeRel|x64.ActiveCfg = MinSizeRel|x64
		{42EFC4F9-E983-3CA7-8B76-24357E62FD4A}.RelWithDebInfo|x64.ActiveCfg = RelWithDebInfo|x64
		{F14B08A5-B1D2-3FCA-87D0-F31222529F3B}.Debug|x64.ActiveCfg = Debug|x64
		{F14B08A5-B1D2-3FCA-87D0-F31222529F3B}.Debug|x64.Build.0 = Debug|x64
		{F14B08A5-B1D2-3FCA-87D0-F31222529F3B}.Release|x64.ActiveCfg = Release|x64
		{F14B08A5-B1D2-3FCA-87D0-F31222529F3B}.Release|x64.Build.0 = Release|x64
		{F14B08A5-B1D2-3FCA-87D0-F31222529F3B}.MinSizeRel|x64.ActiveCfg = MinSizeRel|x64
		{F14B08A5-B1D2-3FCA-87D0-F31222529F3B}.MinSizeRel|x64.Build.0 = MinSizeRel|x64
		{F14B08A5-B1D2-3FCA-87D0-F31222529F3B}.RelWithDebInfo|x64.ActiveCfg = RelWithDebInfo|x64
		{F14B08A5-B1D2-3FCA-87D0-F31222529F3B}.RelWithDebInfo|x64.Build.0 = RelWithDebInfo|x64
		{E964BB93-122A-39DA-AACB-56000C5FC2BA}.Debug|x64.ActiveCfg = Debug|x64
		{E964BB93-122A-39DA-AACB-56000C5FC2BA}.Debug|x64.Build.0 = Debug|x64
		{E964BB93-122A-39DA-AACB-56000C5FC2BA}.Release|x64.ActiveCfg = Release|x64
		{E964BB93-122A-39DA-AACB-56000C5FC2BA}.Release|x64.Build.0 = Release|x64
		{E964BB93-122A-39DA-AACB-56000C5FC2BA}.MinSizeRel|x64.ActiveCfg = MinSizeRel|x64
		{E964BB93-122A-39DA-AACB-56000C5FC2BA}.MinSizeRel|x64.Build.0 = MinSizeRel|x64
		{E964BB93-122A-39DA-AACB-56000C5FC2BA}.RelWithDebInfo|x64.ActiveCfg = RelWithDebInfo|x64
		{E964BB93-122A-39DA-AACB-56000C5FC2BA}.RelWithDebInfo|x64.Build.0 = RelWithDebInfo|x64
		{FB6E116F-149F-34C9-ADD8-EED9B4772E91}.Debug|x64.ActiveCfg = Debug|x64
		{FB6E116F-149F-34C9-ADD8-EED9B4772E91}.Debug|x64.Build.0 = Debug|x64
		{FB6E116F-149F-34C9-ADD8-EED9B4772E91}.Release|x64.ActiveCfg = Release|x64
		{FB6E116F-149F-34C9-ADD8-EED9B4772E91}.Release|x64.Build.0 = Release|x64
		{FB6E116F-149F-34C9-ADD8-EED9B4772E91}.MinSizeRel|x64.ActiveCfg = MinSizeRel|x64
		{FB6E116F-149F-34C9-ADD8-EED9B4772E91}.MinSizeRel|x64.Build.0 = MinSizeRel|x64
		{FB6E116F-149F-34C9-ADD8-EED9B4772E91}.RelWithDebInfo|x64.ActiveCfg = RelWithDebInfo|x64
		{FB6E116F-149F-34C9-ADD8-EED9B4772E91}.RelWithDebInfo|x64.Build.0 = RelWithDebInfo|x64
		{83F93081-5C4A-3663-B26B-65AA3CCAF3E8}.Debug|x64.ActiveCfg = Debug|x64
		{83F93081-5C4A-3663-B26B-65AA3CCAF3E8}.Debug|x64.Build.0 = Debug|x64
		{83F93081-5C4A-3663-B26B-65AA3CCAF3E8}.Release|x64.ActiveCfg = Release|x64
		{83F93081-5C4A-3663-B26B-65AA3CCAF3E8}.Release|x64.Build.0 = Release|x64
		{83F93081-5C4A-3663-B26B-65AA3CCAF3E8}.MinSizeRel|x64.ActiveCfg = MinSizeRel|x64
		{83F93081-5C4A-3663-B26B-65AA3CCAF3E8}.MinSizeRel|x64.Build.0 = MinSizeRel|x64
		{83F93081-5C4A-3663-B26B-65AA3CCAF3E8}.RelWithDebInfo|x64.ActiveCfg = RelWithDebInfo|x64
		{83F93081-5C4A-3663-B26B-65AA3CCAF3E8}.RelWithDebInfo|x64.Build.0 = RelWithDebInfo|x64
		{CDADBA35-A8E6-3004-A0EC-C2AA169DF7D9}.Debug|x64.ActiveCfg = Debug|x64
		{CDADBA35-A8E6-3004-A0EC-C2AA169DF7D9}.Debug|x64.Build.0 = Debug|x64
		{CDADBA35-A8E6-3004-A0EC-C2AA169DF7D9}.Release|x64.ActiveCfg = Release|x64
		{CDADBA35-A8E6-3004-A0EC-C2AA169DF7D9}.Release|x64.Build.0 = Release|x64
		{CDADBA35-A8E6-3004-A0EC-C2AA169DF7D9}.MinSizeRel|x64.ActiveCfg = MinSizeRel|x64
		{CDADBA35-A8E6-3004-A0EC-C2AA169DF7D9}.MinSizeRel|x64.Build.0 = MinSizeRel|x64
		{CDADBA35-A8E6-3004-A0EC-C2AA169DF7D9}.RelWithDebInfo|x64.ActiveCfg = RelWithDebInfo|x64
		{CDADBA35-A8E6-3004-A0EC-C2AA169DF7D9}.RelWithDebInfo|x64.Build.0 = RelWithDebInfo|x64
		{B665874E-17F2-3CAC-ACC8-58BD37FB1121}.Debug|x64.ActiveCfg = Debug|x64
		{B665874E-17F2-3CAC-ACC8-58BD37FB1121}.Debug|x64.Build.0 = Debug|x64
		{B665874E-17F2-3CAC-ACC8-58BD37FB1121}.Release|x64.ActiveCfg = Release|x64
		{B665874E-17F2-3CAC-ACC8-58BD37FB1121}.Release|x64.Build.0 = Release|x64
		{B665874E-17F2-3CAC-ACC8-58BD37FB1121}.MinSizeRel|x64.ActiveCfg = MinSizeRel|x64
		{B665874E-17F2-3CAC-ACC8-58BD37FB1121}.MinSizeRel|x64.Build.0 = MinSizeRel|x64
		{B665874E-17F2-3CAC-ACC8-58BD37FB1121}.RelWithDebInfo|x64.ActiveCfg = RelWithDebInfo|x64
		{B665874E-17F2-3CAC-ACC8-58BD37FB1121}.RelWithDebInfo|x64.Build.0 = RelWithDebInfo|x64
		{5C9F5CD1-7D87-3463-8177-39534781F22D}.Debug|x64.ActiveCfg = Debug|x64
		{5C9F5CD1-7D87-3463-8177-39534781F22D}.Debug|x64.Build.0 = Debug|x64
		{5C9F5CD1-7D87-3463-8177-39534781F22D}.Release|x64.ActiveCfg = Release|x64
		{5C9F5CD1-7D87-3463-8177-39534781F22D}.Release|x64.Build.0 = Release|x64
		{5C9F5CD1-7D87-3463-8177-39534781F22D}.MinSizeRel|x64.ActiveCfg = MinSizeRel|x64
		{5C9F5CD1-7D87-3463-8177-39534781F22D}.MinSizeRel|x64.Build.0 = MinSizeRel|x64
		{5C9F5CD1-7D87-3463-8177-39534781F22D}.RelWithDebInfo|x64.ActiveCfg = RelWithDebInfo|x64
		{5C9F5CD1-7D87-3463-8177-39534781F22D}.RelWithDebInfo|x64.Build.0 = RelWithDebInfo|x64
		{D0CDEDCB-C857-3202-996E-ECC53C801BCA}.Debug|x64.ActiveCfg = Debug|x64
		{D0CDEDCB-C857-3202-996E-ECC53C801BCA}.Debug|x64.Build.0 = Debug|x64
		{D0CDEDCB-C857-3202-996E-ECC53C801BCA}.Release|x64.ActiveCfg = Release|x64
		{D0CDEDCB-C857-3202-996E-ECC53C801BCA}.Release|x64.Build.0 = Release|x64
		{D0CDEDCB-C857-3202-996E-ECC53C801BCA}.MinSizeRel|x64.ActiveCfg = MinSizeRel|x64
		{D0CDEDCB-C857-3202-996E-ECC53C801BCA}.MinSizeRel|x64.Build.0 = MinSizeRel|x64
		{D0CDEDCB-C857-3202-996E-ECC53C801BCA}.RelWithDebInfo|x64.ActiveCfg = RelWithDebInfo|x64
		{D0CDEDCB-C857-3202-996E-ECC53C801BCA}.RelWithDebInfo|x64.Build.0 = RelWithDebInfo|x64
		{248E873F-E883-3ACB-9D1C-1EDD67E31B44}.Debug|x64.ActiveCfg = Debug|x64
		{248E873F-E883-3ACB-9D1C-1EDD67E31B44}.Debug|x64.Build.0 = Debug|x64
		{248E873F-E883-3ACB-9D1C-1EDD67E31B44}.Release|x64.ActiveCfg = Release|x64
		{248E873F-E883-3ACB-9D1C-1EDD67E31B44}.Release|x64.Build.0 = Release|x64
		{248E873F-E883-3ACB-9D1C-1EDD67E31B44}.MinSizeRel|x64.ActiveCfg = MinSizeRel|x64
		{248E873F-E883-3ACB-9D1C-1EDD67E31B44}.MinSizeRel|x64.Build.0 = MinSizeRel|x64
		{248E873F-E883-3ACB-9D1C-1EDD67E31B44}.RelWithDebInfo|x64.ActiveCfg = RelWithDebInfo|x64
		{248E873F-E883-3ACB-9D1C-1EDD67E31B44}.RelWithDebInfo|x64.Build.0 = RelWithDebInfo|x64
		{2574CF8E-9908-353D-95C2-00DB5F8DDF87}.Debug|x64.ActiveCfg = Debug|x64
		{2574CF8E-9908-353D-95C2-00DB5F8DDF87}.Debug|x64.Build.0 = Debug|x64
		{2574CF8E-9908-353D-95C2-00DB5F8DDF87}.Release|x64.ActiveCfg = Release|x64
		{2574CF8E-9908-353D-95C2-00DB5F8DDF87}.Release|x64.Build.0 = Release|x64
		{2574CF8E-9908-353D-95C2-00DB5F8DDF87}.MinSizeRel|x64.ActiveCfg = MinSizeRel|x64
		{2574CF8E-9908-353D-95C2-00DB5F8DDF87}.MinSizeRel|x64.Build.0 = MinSizeRel|x64
		{2574CF8E-9908-353D-95C2-00DB5F8DDF87}.RelWithDebInfo|x64.ActiveCfg = RelWithDebInfo|x64
		{2574CF8E-9908-353D-95C2-00DB5F8DDF87}.RelWithDebInfo|x64.Build.0 = RelWithDebInfo|x64
		{BAA1F5FC-495E-3E8E-B6CF-B620FDF7DC26}.Debug|x64.ActiveCfg = Debug|x64
		{BAA1F5FC-495E-3E8E-B6CF-B620FDF7DC26}.Debug|x64.Build.0 = Debug|x64
		{BAA1F5FC-495E-3E8E-B6CF-B620FDF7DC26}.Release|x64.ActiveCfg = Release|x64
		{BAA1F5FC-495E-3E8E-B6CF-B620FDF7DC26}.Release|x64.Build.0 = Release|x64
		{BAA1F5FC-495E-3E8E-B6CF-B620FDF7DC26}.MinSizeRel|x64.ActiveCfg = MinSizeRel|x64
		{BAA1F5FC-495E-3E8E-B6CF-B620FDF7DC26}.MinSizeRel|x64.Build.0 = MinSizeRel|x64
		{BAA1F5FC-495E-3E8E-B6CF-B620FDF7DC26}.RelWithDebInfo|x64.ActiveCfg = RelWithDebInfo|x64
		{BAA1F5FC-495E-3E8E-B6CF-B620FDF7DC26}.RelWithDebInfo|x64.Build.0 = RelWithDebInfo|x64
		{742EFC41-AD15-3BB9-A377-8843CB411E42}.Debug|x64.ActiveCfg = Debug|x64
		{742EFC41-AD15-3BB9-A377-8843CB411E42}.Debug|x64.Build.0 = Debug|x64
		{742EFC41-AD15-3BB9-A377-8843CB411E42}.Release|x64.ActiveCfg = Release|x64
		{742EFC41-AD15-3BB9-A377-8843CB411E42}.Release|x64.Build.0 = Release|x64
		{742EFC41-AD15-3BB9-A377-8843CB411E42}.MinSizeRel|x64.ActiveCfg = MinSizeRel|x64
		{742EFC41-AD15-3BB9-A377-8843CB411E42}.MinSizeRel|x64.Build.0 = MinSizeRel|x64
		{742EFC41-AD15-3BB9-A377-8843CB411E42}.RelWithDebInfo|x64.ActiveCfg = RelWithDebInfo|x64
		{742EFC41-AD15-3BB9-A377-8843CB411E42}.RelWithDebInfo|x64.Build.0 = RelWithDebInfo|x64
		{CF8127D0-C10E-300D-B155-F6B87D43C8F1}.Debug|x64.ActiveCfg = Debug|x64
		{CF8127D0-C10E-300D-B155-F6B87D43C8F1}.Debug|x64.Build.0 = Debug|x64
		{CF8127D0-C10E-300D-B155-F6B87D43C8F1}.Release|x64.ActiveCfg = Release|x64
		{CF8127D0-C10E-300D-B155-F6B87D43C8F1}.Release|x64.Build.0 = Release|x64
		{CF8127D0-C10E-300D-B155-F6B87D43C8F1}.MinSizeRel|x64.ActiveCfg = MinSizeRel|x64
		{CF8127D0-C10E-300D-B155-F6B87D43C8F1}.MinSizeRel|x64.Build.0 = MinSizeRel|x64
		{CF8127D0-C10E-300D-B155-F6B87D43C8F1}.RelWithDebInfo|x64.ActiveCfg = RelWithDebInfo|x64
		{CF8127D0-C10E-300D-B155-F6B87D43C8F1}.RelWithDebInfo|x64.Build.0 = RelWithDebInfo|x64
		{89882DC4-7897-3844-9F6F-8A61D76B2602}.Debug|x64.ActiveCfg = Debug|x64
		{89882DC4-7897-3844-9F6F-8A61D76B2602}.Debug|x64.Build.0 = Debug|x64
		{89882DC4-7897-3844-9F6F-8A61D76B2602}.Release|x64.ActiveCfg = Release|x64
		{89882DC4-7897-3844-9F6F-8A61D76B2602}.Release|x64.Build.0 = Release|x64
		{89882DC4-7897-3844-9F6F-8A61D76B2602}.MinSizeRel|x64.ActiveCfg = MinSizeRel|x64
		{89882DC4-7897-3844-9F6F-8A61D76B2602}.MinSizeRel|x64.Build.0 = MinSizeRel|x64
		{89882DC4-7897-3844-9F6F-8A61D76B2602}.RelWithDebInfo|x64.ActiveCfg = RelWithDebInfo|x64
		{89882DC4-7897-3844-9F6F-8A61D76B2602}.RelWithDebInfo|x64.Build.0 = RelWithDebInfo|x64
		{DAC40E84-9B1E-3852-A64A-80CF59C05BDA}.Debug|x64.ActiveCfg = Debug|x64
		{DAC40E84-9B1E-3852-A64A-80CF59C05BDA}.Debug|x64.Build.0 = Debug|x64
		{DAC40E84-9B1E-3852-A64A-80CF59C05BDA}.Release|x64.ActiveCfg = Release|x64
		{DAC40E84-9B1E-3852-A64A-80CF59C05BDA}.Release|x64.Build.0 = Release|x64
		{DAC40E84-9B1E-3852-A64A-80CF59C05BDA}.MinSizeRel|x64.ActiveCfg = MinSizeRel|x64
		{DAC40E84-9B1E-3852-A64A-80CF59C05BDA}.MinSizeRel|x64.Build.0 = MinSizeRel|x64
		{DAC40E84-9B1E-3852-A64A-80CF59C05BDA}.RelWithDebInfo|x64.ActiveCfg = RelWithDebInfo|x64
		{DAC40E84-9B1E-3852-A64A-80CF59C05BDA}.RelWithDebInfo|x64.Build.0 = RelWithDebInfo|x64
		{51FE517D-C9BE-3C0A-9B7B-F71081AA2599}.Debug|x64.ActiveCfg = Debug|x64
		{51FE517D-C9BE-3C0A-9B7B-F71081AA2599}.Debug|x64.Build.0 = Debug|x64
		{51FE517D-C9BE-3C0A-9B7B-F71081AA2599}.Release|x64.ActiveCfg = Release|x64
		{51FE517D-C9BE-3C0A-9B7B-F71081AA2599}.Release|x64.Build.0 = Release|x64
		{51FE517D-C9BE-3C0A-9B7B-F71081AA2599}.MinSizeRel|x64.ActiveCfg = MinSizeRel|x64
		{51FE517D-C9BE-3C0A-9B7B-F71081AA2599}.MinSizeRel|x64.Build.0 = MinSizeRel|x64
		{51FE517D-C9BE-3C0A-9B7B-F71081AA2599}.RelWithDebInfo|x64.ActiveCfg = RelWithDebInfo|x64
		{51FE517D-C9BE-3C0A-9B7B-F71081AA2599}.RelWithDebInfo|x64.Build.0 = RelWithDebInfo|x64
		{9312806A-3BD9-3066-BD5D-05A9039D210D}.Debug|x64.ActiveCfg = Debug|x64
		{9312806A-3BD9-3066-BD5D-05A9039D210D}.Debug|x64.Build.0 = Debug|x64
		{9312806A-3BD9-3066-BD5D-05A9039D210D}.Release|x64.ActiveCfg = Release|x64
		{9312806A-3BD9-3066-BD5D-05A9039D210D}.Release|x64.Build.0 = Release|x64
		{9312806A-3BD9-3066-BD5D-05A9039D210D}.MinSizeRel|x64.ActiveCfg = MinSizeRel|x64
		{9312806A-3BD9-3066-BD5D-05A9039D210D}.MinSizeRel|x64.Build.0 = MinSizeRel|x64
		{9312806A-3BD9-3066-BD5D-05A9039D210D}.RelWithDebInfo|x64.ActiveCfg = RelWithDebInfo|x64
		{9312806A-3BD9-3066-BD5D-05A9039D210D}.RelWithDebInfo|x64.Build.0 = RelWithDebInfo|x64
		{9442093F-54D1-3099-89CB-A7CFBFEC70FC}.Debug|x64.ActiveCfg = Debug|x64
		{9442093F-54D1-3099-89CB-A7CFBFEC70FC}.Debug|x64.Build.0 = Debug|x64
		{9442093F-54D1-3099-89CB-A7CFBFEC70FC}.Release|x64.ActiveCfg = Release|x64
		{9442093F-54D1-3099-89CB-A7CFBFEC70FC}.Release|x64.Build.0 = Release|x64
		{9442093F-54D1-3099-89CB-A7CFBFEC70FC}.MinSizeRel|x64.ActiveCfg = MinSizeRel|x64
		{9442093F-54D1-3099-89CB-A7CFBFEC70FC}.MinSizeRel|x64.Build.0 = MinSizeRel|x64
		{9442093F-54D1-3099-89CB-A7CFBFEC70FC}.RelWithDebInfo|x64.ActiveCfg = RelWithDebInfo|x64
		{9442093F-54D1-3099-89CB-A7CFBFEC70FC}.RelWithDebInfo|x64.Build.0 = RelWithDebInfo|x64
		{A537FA8D-C5FE-3514-A9A6-33C5A4D6893E}.Debug|x64.ActiveCfg = Debug|x64
		{A537FA8D-C5FE-3514-A9A6-33C5A4D6893E}.Debug|x64.Build.0 = Debug|x64
		{A537FA8D-C5FE-3514-A9A6-33C5A4D6893E}.Release|x64.ActiveCfg = Release|x64
		{A537FA8D-C5FE-3514-A9A6-33C5A4D6893E}.Release|x64.Build.0 = Release|x64
		{A537FA8D-C5FE-3514-A9A6-33C5A4D6893E}.MinSizeRel|x64.ActiveCfg = MinSizeRel|x64
		{A537FA8D-C5FE-3514-A9A6-33C5A4D6893E}.MinSizeRel|x64.Build.0 = MinSizeRel|x64
		{A537FA8D-C5FE-3514-A9A6-33C5A4D6893E}.RelWithDebInfo|x64.ActiveCfg = RelWithDebInfo|x64
		{A537FA8D-C5FE-3514-A9A6-33C5A4D6893E}.RelWithDebInfo|x64.Build.0 = RelWithDebInfo|x64
		{9F71AC30-BE11-3BE5-8DB0-5A3493035F79}.Debug|x64.ActiveCfg = Debug|x64
		{9F71AC30-BE11-3BE5-8DB0-5A3493035F79}.Debug|x64.Build.0 = Debug|x64
		{9F71AC30-BE11-3BE5-8DB0-5A3493035F79}.Release|x64.ActiveCfg = Release|x64
		{9F71AC30-BE11-3BE5-8DB0-5A3493035F79}.Release|x64.Build.0 = Release|x64
		{9F71AC30-BE11-3BE5-8DB0-5A3493035F79}.MinSizeRel|x64.ActiveCfg = MinSizeRel|x64
		{9F71AC30-BE11-3BE5-8DB0-5A3493035F79}.MinSizeRel|x64.Build.0 = MinSizeRel|x64
		{9F71AC30-BE11-3BE5-8DB0-5A3493035F79}.RelWithDebInfo|x64.ActiveCfg = RelWithDebInfo|x64
		{9F71AC30-BE11-3BE5-8DB0-5A3493035F79}.RelWithDebInfo|x64.Build.0 = RelWithDebInfo|x64
		{FFBFBF55-B5B8-3DF5-AEB1-243B45F2F74B}.Debug|x64.ActiveCfg = Debug|x64
		{FFBFBF55-B5B8-3DF5-AEB1-243B45F2F74B}.Debug|x64.Build.0 = Debug|x64
		{FFBFBF55-B5B8-3DF5-AEB1-243B45F2F74B}.Release|x64.ActiveCfg = Release|x64
		{FFBFBF55-B5B8-3DF5-AEB1-243B45F2F74B}.Release|x64.Build.0 = Release|x64
		{FFBFBF55-B5B8-3DF5-AEB1-243B45F2F74B}.MinSizeRel|x64.ActiveCfg = MinSizeRel|x64
		{FFBFBF55-B5B8-3DF5-AEB1-243B45F2F74B}.MinSizeRel|x64.Build.0 = MinSizeRel|x64
		{FFBFBF55-B5B8-3DF5-AEB1-243B45F2F74B}.RelWithDebInfo|x64.ActiveCfg = RelWithDebInfo|x64
		{FFBFBF55-B5B8-3DF5-AEB1-243B45F2F74B}.RelWithDebInfo|x64.Build.0 = RelWithDebInfo|x64
	EndGlobalSection
	GlobalSection(ExtensibilityGlobals) = postSolution
	EndGlobalSection
	GlobalSection(ExtensibilityAddIns) = postSolution
	EndGlobalSection
EndGlobal
