<?xml version="1.0" encoding="UTF-8"?>
<Project ToolsVersion="14.0" xmlns="http://schemas.microsoft.com/developer/msbuild/2003">
  <ItemGroup>
    <ClCompile Include="E:\workspace\DTNVS3000\nvs3000\jrtplib-3.11.1\tests\rtcpdump.cpp">
      <Filter>Source Files</Filter>
    </ClCompile>
  </ItemGroup>
  <ItemGroup>
    <CustomBuild Include="E:\workspace\DTNVS3000\nvs3000\jrtplib-3.11.1\tests\CMakeLists.txt" />
  </ItemGroup>
  <ItemGroup>
    <Filter Include="Source Files">
      <UniqueIdentifier>{284B718F-FF60-3D43-B31C-E7F365389EC9}</UniqueIdentifier>
    </Filter>
  </ItemGroup>
</Project>
